
Microsoft Visual Studio Solution File, Format Version 12.00
# Visual Studio Version 17
VisualStudioVersion = 17.11.35327.3
MinimumVisualStudioVersion = 10.0.40219.1
Project("{9A19103F-16F7-4668-BE54-9A1E7A4F7556}") = "Grupp4-Projekt", "Grupp4-Projekt\Grupp4-Projekt.csproj", "{64732C69-3551-492C-81A5-AC3B15D5780C}"
EndProject
Project("{FAE04EC0-301F-11D3-BF4B-00C04F79EFBC}") = "DAL", "DAL\DAL.csproj", "{8DEABB72-AF21-4FEE-B1CA-8024DE25A519}"
EndProject
Project("{FAE04EC0-301F-11D3-BF4B-00C04F79EFBC}") = "BLL", "BLL\BLL.csproj", "{4D3DF9F4-35D1-44A4-909C-2098AE1A3FA2}"
EndProject
Project("{FAE04EC0-301F-11D3-BF4B-00C04F79EFBC}") = "Models", "Models\Models.csproj", "{4740453C-F6B1-4B45-97FA-9F6212015613}"
EndProject
Global
	GlobalSection(SolutionConfigurationPlatforms) = preSolution
		Debug|Any CPU = Debug|Any CPU
		Release|Any CPU = Release|Any CPU
	EndGlobalSection
	GlobalSection(ProjectConfigurationPlatforms) = postSolution
		{64732C69-3551-492C-81A5-AC3B15D5780C}.Debug|Any CPU.ActiveCfg = Debug|Any CPU
		{64732C69-3551-492C-81A5-AC3B15D5780C}.Debug|Any CPU.Build.0 = Debug|Any CPU
		{64732C69-3551-492C-81A5-AC3B15D5780C}.Release|Any CPU.ActiveCfg = Release|Any CPU
		{64732C69-3551-492C-81A5-AC3B15D5780C}.Release|Any CPU.Build.0 = Release|Any CPU
		{8DEABB72-AF21-4FEE-B1CA-8024DE25A519}.Debug|Any CPU.ActiveCfg = Debug|Any CPU
		{8DEABB72-AF21-4FEE-B1CA-8024DE25A519}.Debug|Any CPU.Build.0 = Debug|Any CPU
		{8DEABB72-AF21-4FEE-B1CA-8024DE25A519}.Release|Any CPU.ActiveCfg = Release|Any CPU
		{8DEABB72-AF21-4FEE-B1CA-8024DE25A519}.Release|Any CPU.Build.0 = Release|Any CPU
		{4D3DF9F4-35D1-44A4-909C-2098AE1A3FA2}.Debug|Any CPU.ActiveCfg = Debug|Any CPU
		{4D3DF9F4-35D1-44A4-909C-2098AE1A3FA2}.Debug|Any CPU.Build.0 = Debug|Any CPU
		{4D3DF9F4-35D1-44A4-909C-2098AE1A3FA2}.Release|Any CPU.ActiveCfg = Release|Any CPU
		{4D3DF9F4-35D1-44A4-909C-2098AE1A3FA2}.Release|Any CPU.Build.0 = Release|Any CPU
		{4740453C-F6B1-4B45-97FA-9F6212015613}.Debug|Any CPU.ActiveCfg = Debug|Any CPU
		{4740453C-F6B1-4B45-97FA-9F6212015613}.Debug|Any CPU.Build.0 = Debug|Any CPU
		{4740453C-F6B1-4B45-97FA-9F6212015613}.Release|Any CPU.ActiveCfg = Release|Any CPU
		{4740453C-F6B1-4B45-97FA-9F6212015613}.Release|Any CPU.Build.0 = Release|Any CPU
	EndGlobalSection
	GlobalSection(SolutionProperties) = preSolution
		HideSolutionNode = FALSE
	EndGlobalSection
	GlobalSection(ExtensibilityGlobals) = postSolution
		SolutionGuid = {7D7199C7-35E5-49CB-859B-9E6CFF7BA2E2}
	EndGlobalSection
EndGlobal
